
Microsoft Visual Studio Solution File, Format Version 12.00
# Visual Studio Version 16
VisualStudioVersion = 16.0.30011.22
MinimumVisualStudioVersion = 10.0.40219.1
Project("{FAE04EC0-301F-11D3-BF4B-00C04F79EFBC}") = "eShopSolution.WebApp", "eShopSolution.WebApp\eShopSolution.WebApp.csproj", "{AD826650-7BC2-4A9D-842E-C354FD96F8B4}"
EndProject
Project("{2150E333-8FDC-42A3-9474-1A3956D46DE8}") = "Solution Items", "Solution Items", "{F026D26B-12CC-4DEC-9CCF-35286EE38560}"
	ProjectSection(SolutionItems) = preProject
		README.md = README.md
	EndProjectSection
EndProject
Global
	GlobalSection(SolutionConfigurationPlatforms) = preSolution
		Debug|Any CPU = Debug|Any CPU
		Release|Any CPU = Release|Any CPU
	EndGlobalSection
	GlobalSection(ProjectConfigurationPlatforms) = postSolution
		{AD826650-7BC2-4A9D-842E-C354FD96F8B4}.Debug|Any CPU.ActiveCfg = Debug|Any CPU
		{AD826650-7BC2-4A9D-842E-C354FD96F8B4}.Debug|Any CPU.Build.0 = Debug|Any CPU
		{AD826650-7BC2-4A9D-842E-C354FD96F8B4}.Release|Any CPU.ActiveCfg = Release|Any CPU
		{AD826650-7BC2-4A9D-842E-C354FD96F8B4}.Release|Any CPU.Build.0 = Release|Any CPU
	EndGlobalSection
	GlobalSection(SolutionProperties) = preSolution
		HideSolutionNode = FALSE
	EndGlobalSection
	GlobalSection(ExtensibilityGlobals) = postSolution
		SolutionGuid = {891F823D-5ED7-42EC-ABC2-ADE0FCBF6F07}
	EndGlobalSection
EndGlobal
